
Microsoft Visual Studio Solution File, Format Version 12.00
# Visual Studio Version 17
VisualStudioVersion = 17.14.36616.10 d17.14
MinimumVisualStudioVersion = 10.0.40219.1
Project("{FAE04EC0-301F-11D3-BF4B-00C04F79EFBC}") = "MensaConsole", "MensaConsole\MensaConsole.csproj", "{DC70E5BD-AB85-48E8-985C-67D65A090239}"
EndProject
Project("{FAE04EC0-301F-11D3-BF4B-00C04F79EFBC}") = "Mensa", "Mensa\Mensa.csproj", "{F3378818-6341-4367-AAFA-D7862AC96F9C}"
EndProject
Project("{D954291E-2A0B-460D-934E-DC6B0785DB48}") = "MensaApp", "MensaApp\MensaApp\MensaApp.shproj", "{E1DDD26D-ECCA-4EA6-9F1E-C6C97203CF31}"
EndProject
Project("{FAE04EC0-301F-11D3-BF4B-00C04F79EFBC}") = "MensaApp.WinPhone", "MensaApp\MensaApp.WinPhone\MensaApp.WinPhone.csproj", "{9DF2A3B0-C0AB-4E3E-ACC1-29877CC0FC83}"
EndProject
Project("{FAE04EC0-301F-11D3-BF4B-00C04F79EFBC}") = "MensaApp.iOS", "MensaApp\MensaApp.iOS\MensaApp.iOS.csproj", "{E3F681C0-BE41-4495-94BB-0329B0B15F5E}"
EndProject
Project("{FAE04EC0-301F-11D3-BF4B-00C04F79EFBC}") = "MensaApp.Droid", "MensaApp\MensaApp.Droid\MensaApp.Droid.csproj", "{998416B3-9B59-4AD6-9C0E-01C66A96D5BF}"
EndProject
Project("{FAE04EC0-301F-11D3-BF4B-00C04F79EFBC}") = "MensaAppWin.UWP", "MensaAppWin\MensaAppWin.UWP\MensaAppWin.UWP.csproj", "{E0D5E4CF-A37D-49E1-A33C-56241A618368}"
EndProject
Project("{D954291E-2A0B-460D-934E-DC6B0785DB48}") = "MensaAppWin", "MensaAppWin\MensaAppWin\MensaAppWin.shproj", "{CA179797-5126-41BB-A08C-542B94939F9B}"
EndProject
Project("{FAE04EC0-301F-11D3-BF4B-00C04F79EFBC}") = "MensaPortable", "MensaPortable\MensaPortable.csproj", "{D03C8A4C-FC47-4302-919F-92E2352EEEEE}"
EndProject
Project("{FAE04EC0-301F-11D3-BF4B-00C04F79EFBC}") = "MensaCommon", "MensaCommon\MensaCommon.csproj", "{1EA8B0B0-6C7A-466E-88AD-BDFCBEADE2A7}"
EndProject
Project("{FAE04EC0-301F-11D3-BF4B-00C04F79EFBC}") = "MensaApp2", "MensaApp2\MensaApp2.csproj", "{50A44EE3-9FCF-4D3E-A8FF-2A6267C45C56}"
EndProject
Global
	GlobalSection(SolutionConfigurationPlatforms) = preSolution
		Ad-Hoc|Any CPU = Ad-Hoc|Any CPU
		Ad-Hoc|ARM = Ad-Hoc|ARM
		Ad-Hoc|iPhone = Ad-Hoc|iPhone
		Ad-Hoc|iPhoneSimulator = Ad-Hoc|iPhoneSimulator
		Ad-Hoc|Mixed Platforms = Ad-Hoc|Mixed Platforms
		Ad-Hoc|x64 = Ad-Hoc|x64
		Ad-Hoc|x86 = Ad-Hoc|x86
		AppStore|Any CPU = AppStore|Any CPU
		AppStore|ARM = AppStore|ARM
		AppStore|iPhone = AppStore|iPhone
		AppStore|iPhoneSimulator = AppStore|iPhoneSimulator
		AppStore|Mixed Platforms = AppStore|Mixed Platforms
		AppStore|x64 = AppStore|x64
		AppStore|x86 = AppStore|x86
		Debug|Any CPU = Debug|Any CPU
		Debug|ARM = Debug|ARM
		Debug|iPhone = Debug|iPhone
		Debug|iPhoneSimulator = Debug|iPhoneSimulator
		Debug|Mixed Platforms = Debug|Mixed Platforms
		Debug|x64 = Debug|x64
		Debug|x86 = Debug|x86
		Release|Any CPU = Release|Any CPU
		Release|ARM = Release|ARM
		Release|iPhone = Release|iPhone
		Release|iPhoneSimulator = Release|iPhoneSimulator
		Release|Mixed Platforms = Release|Mixed Platforms
		Release|x64 = Release|x64
		Release|x86 = Release|x86
	EndGlobalSection
	GlobalSection(ProjectConfigurationPlatforms) = postSolution
		{DC70E5BD-AB85-48E8-985C-67D65A090239}.Ad-Hoc|Any CPU.ActiveCfg = Release|Any CPU
		{DC70E5BD-AB85-48E8-985C-67D65A090239}.Ad-Hoc|Any CPU.Build.0 = Release|Any CPU
		{DC70E5BD-AB85-48E8-985C-67D65A090239}.Ad-Hoc|ARM.ActiveCfg = Release|Any CPU
		{DC70E5BD-AB85-48E8-985C-67D65A090239}.Ad-Hoc|iPhone.ActiveCfg = Release|Any CPU
		{DC70E5BD-AB85-48E8-985C-67D65A090239}.Ad-Hoc|iPhoneSimulator.ActiveCfg = Release|Any CPU
		{DC70E5BD-AB85-48E8-985C-67D65A090239}.Ad-Hoc|Mixed Platforms.ActiveCfg = Release|Any CPU
		{DC70E5BD-AB85-48E8-985C-67D65A090239}.Ad-Hoc|Mixed Platforms.Build.0 = Release|Any CPU
		{DC70E5BD-AB85-48E8-985C-67D65A090239}.Ad-Hoc|x64.ActiveCfg = Debug|Any CPU
		{DC70E5BD-AB85-48E8-985C-67D65A090239}.Ad-Hoc|x86.ActiveCfg = Release|Any CPU
		{DC70E5BD-AB85-48E8-985C-67D65A090239}.AppStore|Any CPU.ActiveCfg = Release|Any CPU
		{DC70E5BD-AB85-48E8-985C-67D65A090239}.AppStore|Any CPU.Build.0 = Release|Any CPU
		{DC70E5BD-AB85-48E8-985C-67D65A090239}.AppStore|ARM.ActiveCfg = Release|Any CPU
		{DC70E5BD-AB85-48E8-985C-67D65A090239}.AppStore|iPhone.ActiveCfg = Release|Any CPU
		{DC70E5BD-AB85-48E8-985C-67D65A090239}.AppStore|iPhoneSimulator.ActiveCfg = Release|Any CPU
		{DC70E5BD-AB85-48E8-985C-67D65A090239}.AppStore|Mixed Platforms.ActiveCfg = Release|Any CPU
		{DC70E5BD-AB85-48E8-985C-67D65A090239}.AppStore|Mixed Platforms.Build.0 = Release|Any CPU
		{DC70E5BD-AB85-48E8-985C-67D65A090239}.AppStore|x64.ActiveCfg = Debug|Any CPU
		{DC70E5BD-AB85-48E8-985C-67D65A090239}.AppStore|x86.ActiveCfg = Release|Any CPU
		{DC70E5BD-AB85-48E8-985C-67D65A090239}.Debug|Any CPU.ActiveCfg = Debug|Any CPU
		{DC70E5BD-AB85-48E8-985C-67D65A090239}.Debug|Any CPU.Build.0 = Debug|Any CPU
		{DC70E5BD-AB85-48E8-985C-67D65A090239}.Debug|ARM.ActiveCfg = Debug|Any CPU
		{DC70E5BD-AB85-48E8-985C-67D65A090239}.Debug|iPhone.ActiveCfg = Debug|Any CPU
		{DC70E5BD-AB85-48E8-985C-67D65A090239}.Debug|iPhoneSimulator.ActiveCfg = Debug|Any CPU
		{DC70E5BD-AB85-48E8-985C-67D65A090239}.Debug|Mixed Platforms.ActiveCfg = Debug|Any CPU
		{DC70E5BD-AB85-48E8-985C-67D65A090239}.Debug|Mixed Platforms.Build.0 = Debug|Any CPU
		{DC70E5BD-AB85-48E8-985C-67D65A090239}.Debug|x64.ActiveCfg = Debug|Any CPU
		{DC70E5BD-AB85-48E8-985C-67D65A090239}.Debug|x86.ActiveCfg = Debug|Any CPU
		{DC70E5BD-AB85-48E8-985C-67D65A090239}.Release|Any CPU.ActiveCfg = Release|Any CPU
		{DC70E5BD-AB85-48E8-985C-67D65A090239}.Release|Any CPU.Build.0 = Release|Any CPU
		{DC70E5BD-AB85-48E8-985C-67D65A090239}.Release|ARM.ActiveCfg = Release|Any CPU
		{DC70E5BD-AB85-48E8-985C-67D65A090239}.Release|iPhone.ActiveCfg = Release|Any CPU
		{DC70E5BD-AB85-48E8-985C-67D65A090239}.Release|iPhoneSimulator.ActiveCfg = Release|Any CPU
		{DC70E5BD-AB85-48E8-985C-67D65A090239}.Release|Mixed Platforms.ActiveCfg = Release|Any CPU
		{DC70E5BD-AB85-48E8-985C-67D65A090239}.Release|Mixed Platforms.Build.0 = Release|Any CPU
		{DC70E5BD-AB85-48E8-985C-67D65A090239}.Release|x64.ActiveCfg = Release|Any CPU
		{DC70E5BD-AB85-48E8-985C-67D65A090239}.Release|x86.ActiveCfg = Release|Any CPU
		{F3378818-6341-4367-AAFA-D7862AC96F9C}.Ad-Hoc|Any CPU.ActiveCfg = Release|Any CPU
		{F3378818-6341-4367-AAFA-D7862AC96F9C}.Ad-Hoc|Any CPU.Build.0 = Release|Any CPU
		{F3378818-6341-4367-AAFA-D7862AC96F9C}.Ad-Hoc|ARM.ActiveCfg = Release|Any CPU
		{F3378818-6341-4367-AAFA-D7862AC96F9C}.Ad-Hoc|iPhone.ActiveCfg = Release|Any CPU
		{F3378818-6341-4367-AAFA-D7862AC96F9C}.Ad-Hoc|iPhoneSimulator.ActiveCfg = Release|Any CPU
		{F3378818-6341-4367-AAFA-D7862AC96F9C}.Ad-Hoc|Mixed Platforms.ActiveCfg = Release|Any CPU
		{F3378818-6341-4367-AAFA-D7862AC96F9C}.Ad-Hoc|Mixed Platforms.Build.0 = Release|Any CPU
		{F3378818-6341-4367-AAFA-D7862AC96F9C}.Ad-Hoc|x64.ActiveCfg = Debug|Any CPU
		{F3378818-6341-4367-AAFA-D7862AC96F9C}.Ad-Hoc|x86.ActiveCfg = Release|Any CPU
		{F3378818-6341-4367-AAFA-D7862AC96F9C}.AppStore|Any CPU.ActiveCfg = Release|Any CPU
		{F3378818-6341-4367-AAFA-D7862AC96F9C}.AppStore|Any CPU.Build.0 = Release|Any CPU
		{F3378818-6341-4367-AAFA-D7862AC96F9C}.AppStore|ARM.ActiveCfg = Release|Any CPU
		{F3378818-6341-4367-AAFA-D7862AC96F9C}.AppStore|iPhone.ActiveCfg = Release|Any CPU
		{F3378818-6341-4367-AAFA-D7862AC96F9C}.AppStore|iPhoneSimulator.ActiveCfg = Release|Any CPU
		{F3378818-6341-4367-AAFA-D7862AC96F9C}.AppStore|Mixed Platforms.ActiveCfg = Release|Any CPU
		{F3378818-6341-4367-AAFA-D7862AC96F9C}.AppStore|Mixed Platforms.Build.0 = Release|Any CPU
		{F3378818-6341-4367-AAFA-D7862AC96F9C}.AppStore|x64.ActiveCfg = Debug|Any CPU
		{F3378818-6341-4367-AAFA-D7862AC96F9C}.AppStore|x86.ActiveCfg = Release|Any CPU
		{F3378818-6341-4367-AAFA-D7862AC96F9C}.Debug|Any CPU.ActiveCfg = Debug|Any CPU
		{F3378818-6341-4367-AAFA-D7862AC96F9C}.Debug|Any CPU.Build.0 = Debug|Any CPU
		{F3378818-6341-4367-AAFA-D7862AC96F9C}.Debug|ARM.ActiveCfg = Debug|Any CPU
		{F3378818-6341-4367-AAFA-D7862AC96F9C}.Debug|iPhone.ActiveCfg = Debug|Any CPU
		{F3378818-6341-4367-AAFA-D7862AC96F9C}.Debug|iPhoneSimulator.ActiveCfg = Debug|Any CPU
		{F3378818-6341-4367-AAFA-D7862AC96F9C}.Debug|Mixed Platforms.ActiveCfg = Debug|Any CPU
		{F3378818-6341-4367-AAFA-D7862AC96F9C}.Debug|Mixed Platforms.Build.0 = Debug|Any CPU
		{F3378818-6341-4367-AAFA-D7862AC96F9C}.Debug|x64.ActiveCfg = Debug|Any CPU
		{F3378818-6341-4367-AAFA-D7862AC96F9C}.Debug|x86.ActiveCfg = Debug|Any CPU
		{F3378818-6341-4367-AAFA-D7862AC96F9C}.Release|Any CPU.ActiveCfg = Release|Any CPU
		{F3378818-6341-4367-AAFA-D7862AC96F9C}.Release|Any CPU.Build.0 = Release|Any CPU
		{F3378818-6341-4367-AAFA-D7862AC96F9C}.Release|ARM.ActiveCfg = Release|Any CPU
		{F3378818-6341-4367-AAFA-D7862AC96F9C}.Release|iPhone.ActiveCfg = Release|Any CPU
		{F3378818-6341-4367-AAFA-D7862AC96F9C}.Release|iPhoneSimulator.ActiveCfg = Release|Any CPU
		{F3378818-6341-4367-AAFA-D7862AC96F9C}.Release|Mixed Platforms.ActiveCfg = Release|Any CPU
		{F3378818-6341-4367-AAFA-D7862AC96F9C}.Release|Mixed Platforms.Build.0 = Release|Any CPU
		{F3378818-6341-4367-AAFA-D7862AC96F9C}.Release|x64.ActiveCfg = Release|Any CPU
		{F3378818-6341-4367-AAFA-D7862AC96F9C}.Release|x86.ActiveCfg = Release|Any CPU
		{9DF2A3B0-C0AB-4E3E-ACC1-29877CC0FC83}.Ad-Hoc|Any CPU.ActiveCfg = Release|Any CPU
		{9DF2A3B0-C0AB-4E3E-ACC1-29877CC0FC83}.Ad-Hoc|Any CPU.Build.0 = Release|Any CPU
		{9DF2A3B0-C0AB-4E3E-ACC1-29877CC0FC83}.Ad-Hoc|Any CPU.Deploy.0 = Release|Any CPU
		{9DF2A3B0-C0AB-4E3E-ACC1-29877CC0FC83}.Ad-Hoc|ARM.ActiveCfg = Release|ARM
		{9DF2A3B0-C0AB-4E3E-ACC1-29877CC0FC83}.Ad-Hoc|ARM.Build.0 = Release|ARM
		{9DF2A3B0-C0AB-4E3E-ACC1-29877CC0FC83}.Ad-Hoc|ARM.Deploy.0 = Release|ARM
		{9DF2A3B0-C0AB-4E3E-ACC1-29877CC0FC83}.Ad-Hoc|iPhone.ActiveCfg = Release|Any CPU
		{9DF2A3B0-C0AB-4E3E-ACC1-29877CC0FC83}.Ad-Hoc|iPhoneSimulator.ActiveCfg = Release|Any CPU
		{9DF2A3B0-C0AB-4E3E-ACC1-29877CC0FC83}.Ad-Hoc|Mixed Platforms.ActiveCfg = Release|x86
		{9DF2A3B0-C0AB-4E3E-ACC1-29877CC0FC83}.Ad-Hoc|Mixed Platforms.Build.0 = Release|x86
		{9DF2A3B0-C0AB-4E3E-ACC1-29877CC0FC83}.Ad-Hoc|Mixed Platforms.Deploy.0 = Release|x86
		{9DF2A3B0-C0AB-4E3E-ACC1-29877CC0FC83}.Ad-Hoc|x64.ActiveCfg = Debug|Any CPU
		{9DF2A3B0-C0AB-4E3E-ACC1-29877CC0FC83}.Ad-Hoc|x86.ActiveCfg = Release|x86
		{9DF2A3B0-C0AB-4E3E-ACC1-29877CC0FC83}.Ad-Hoc|x86.Build.0 = Release|x86
		{9DF2A3B0-C0AB-4E3E-ACC1-29877CC0FC83}.Ad-Hoc|x86.Deploy.0 = Release|x86
		{9DF2A3B0-C0AB-4E3E-ACC1-29877CC0FC83}.AppStore|Any CPU.ActiveCfg = Release|Any CPU
		{9DF2A3B0-C0AB-4E3E-ACC1-29877CC0FC83}.AppStore|Any CPU.Build.0 = Release|Any CPU
		{9DF2A3B0-C0AB-4E3E-ACC1-29877CC0FC83}.AppStore|Any CPU.Deploy.0 = Release|Any CPU
		{9DF2A3B0-C0AB-4E3E-ACC1-29877CC0FC83}.AppStore|ARM.ActiveCfg = Release|ARM
		{9DF2A3B0-C0AB-4E3E-ACC1-29877CC0FC83}.AppStore|ARM.Build.0 = Release|ARM
		{9DF2A3B0-C0AB-4E3E-ACC1-29877CC0FC83}.AppStore|ARM.Deploy.0 = Release|ARM
		{9DF2A3B0-C0AB-4E3E-ACC1-29877CC0FC83}.AppStore|iPhone.ActiveCfg = Release|Any CPU
		{9DF2A3B0-C0AB-4E3E-ACC1-29877CC0FC83}.AppStore|iPhoneSimulator.ActiveCfg = Release|Any CPU
		{9DF2A3B0-C0AB-4E3E-ACC1-29877CC0FC83}.AppStore|Mixed Platforms.ActiveCfg = Release|x86
		{9DF2A3B0-C0AB-4E3E-ACC1-29877CC0FC83}.AppStore|Mixed Platforms.Build.0 = Release|x86
		{9DF2A3B0-C0AB-4E3E-ACC1-29877CC0FC83}.AppStore|Mixed Platforms.Deploy.0 = Release|x86
		{9DF2A3B0-C0AB-4E3E-ACC1-29877CC0FC83}.AppStore|x64.ActiveCfg = Debug|Any CPU
		{9DF2A3B0-C0AB-4E3E-ACC1-29877CC0FC83}.AppStore|x86.ActiveCfg = Release|x86
		{9DF2A3B0-C0AB-4E3E-ACC1-29877CC0FC83}.AppStore|x86.Build.0 = Release|x86
		{9DF2A3B0-C0AB-4E3E-ACC1-29877CC0FC83}.AppStore|x86.Deploy.0 = Release|x86
		{9DF2A3B0-C0AB-4E3E-ACC1-29877CC0FC83}.Debug|Any CPU.ActiveCfg = Debug|Any CPU
		{9DF2A3B0-C0AB-4E3E-ACC1-29877CC0FC83}.Debug|Any CPU.Build.0 = Debug|Any CPU
		{9DF2A3B0-C0AB-4E3E-ACC1-29877CC0FC83}.Debug|Any CPU.Deploy.0 = Debug|Any CPU
		{9DF2A3B0-C0AB-4E3E-ACC1-29877CC0FC83}.Debug|ARM.ActiveCfg = Debug|ARM
		{9DF2A3B0-C0AB-4E3E-ACC1-29877CC0FC83}.Debug|ARM.Build.0 = Debug|ARM
		{9DF2A3B0-C0AB-4E3E-ACC1-29877CC0FC83}.Debug|ARM.Deploy.0 = Debug|ARM
		{9DF2A3B0-C0AB-4E3E-ACC1-29877CC0FC83}.Debug|iPhone.ActiveCfg = Debug|Any CPU
		{9DF2A3B0-C0AB-4E3E-ACC1-29877CC0FC83}.Debug|iPhoneSimulator.ActiveCfg = Debug|Any CPU
		{9DF2A3B0-C0AB-4E3E-ACC1-29877CC0FC83}.Debug|Mixed Platforms.ActiveCfg = Debug|x86
		{9DF2A3B0-C0AB-4E3E-ACC1-29877CC0FC83}.Debug|Mixed Platforms.Build.0 = Debug|x86
		{9DF2A3B0-C0AB-4E3E-ACC1-29877CC0FC83}.Debug|Mixed Platforms.Deploy.0 = Debug|x86
		{9DF2A3B0-C0AB-4E3E-ACC1-29877CC0FC83}.Debug|x64.ActiveCfg = Debug|Any CPU
		{9DF2A3B0-C0AB-4E3E-ACC1-29877CC0FC83}.Debug|x86.ActiveCfg = Debug|x86
		{9DF2A3B0-C0AB-4E3E-ACC1-29877CC0FC83}.Debug|x86.Build.0 = Debug|x86
		{9DF2A3B0-C0AB-4E3E-ACC1-29877CC0FC83}.Debug|x86.Deploy.0 = Debug|x86
		{9DF2A3B0-C0AB-4E3E-ACC1-29877CC0FC83}.Release|Any CPU.ActiveCfg = Release|Any CPU
		{9DF2A3B0-C0AB-4E3E-ACC1-29877CC0FC83}.Release|Any CPU.Build.0 = Release|Any CPU
		{9DF2A3B0-C0AB-4E3E-ACC1-29877CC0FC83}.Release|Any CPU.Deploy.0 = Release|Any CPU
		{9DF2A3B0-C0AB-4E3E-ACC1-29877CC0FC83}.Release|ARM.ActiveCfg = Release|ARM
		{9DF2A3B0-C0AB-4E3E-ACC1-29877CC0FC83}.Release|ARM.Build.0 = Release|ARM
		{9DF2A3B0-C0AB-4E3E-ACC1-29877CC0FC83}.Release|ARM.Deploy.0 = Release|ARM
		{9DF2A3B0-C0AB-4E3E-ACC1-29877CC0FC83}.Release|iPhone.ActiveCfg = Release|Any CPU
		{9DF2A3B0-C0AB-4E3E-ACC1-29877CC0FC83}.Release|iPhoneSimulator.ActiveCfg = Release|Any CPU
		{9DF2A3B0-C0AB-4E3E-ACC1-29877CC0FC83}.Release|Mixed Platforms.ActiveCfg = Release|x86
		{9DF2A3B0-C0AB-4E3E-ACC1-29877CC0FC83}.Release|Mixed Platforms.Build.0 = Release|x86
		{9DF2A3B0-C0AB-4E3E-ACC1-29877CC0FC83}.Release|Mixed Platforms.Deploy.0 = Release|x86
		{9DF2A3B0-C0AB-4E3E-ACC1-29877CC0FC83}.Release|x64.ActiveCfg = Release|Any CPU
		{9DF2A3B0-C0AB-4E3E-ACC1-29877CC0FC83}.Release|x86.ActiveCfg = Release|x86
		{9DF2A3B0-C0AB-4E3E-ACC1-29877CC0FC83}.Release|x86.Build.0 = Release|x86
		{9DF2A3B0-C0AB-4E3E-ACC1-29877CC0FC83}.Release|x86.Deploy.0 = Release|x86
		{E3F681C0-BE41-4495-94BB-0329B0B15F5E}.Ad-Hoc|Any CPU.ActiveCfg = Ad-Hoc|iPhone
		{E3F681C0-BE41-4495-94BB-0329B0B15F5E}.Ad-Hoc|ARM.ActiveCfg = Ad-Hoc|iPhone
		{E3F681C0-BE41-4495-94BB-0329B0B15F5E}.Ad-Hoc|iPhone.ActiveCfg = Ad-Hoc|iPhone
		{E3F681C0-BE41-4495-94BB-0329B0B15F5E}.Ad-Hoc|iPhone.Build.0 = Ad-Hoc|iPhone
		{E3F681C0-BE41-4495-94BB-0329B0B15F5E}.Ad-Hoc|iPhoneSimulator.ActiveCfg = Ad-Hoc|iPhoneSimulator
		{E3F681C0-BE41-4495-94BB-0329B0B15F5E}.Ad-Hoc|iPhoneSimulator.Build.0 = Ad-Hoc|iPhoneSimulator
		{E3F681C0-BE41-4495-94BB-0329B0B15F5E}.Ad-Hoc|Mixed Platforms.ActiveCfg = Ad-Hoc|iPhone
		{E3F681C0-BE41-4495-94BB-0329B0B15F5E}.Ad-Hoc|Mixed Platforms.Build.0 = Ad-Hoc|iPhone
		{E3F681C0-BE41-4495-94BB-0329B0B15F5E}.Ad-Hoc|x64.ActiveCfg = Ad-Hoc|iPhoneSimulator
		{E3F681C0-BE41-4495-94BB-0329B0B15F5E}.Ad-Hoc|x86.ActiveCfg = Ad-Hoc|iPhone
		{E3F681C0-BE41-4495-94BB-0329B0B15F5E}.AppStore|Any CPU.ActiveCfg = AppStore|iPhone
		{E3F681C0-BE41-4495-94BB-0329B0B15F5E}.AppStore|ARM.ActiveCfg = AppStore|iPhone
		{E3F681C0-BE41-4495-94BB-0329B0B15F5E}.AppStore|iPhone.ActiveCfg = AppStore|iPhone
		{E3F681C0-BE41-4495-94BB-0329B0B15F5E}.AppStore|iPhone.Build.0 = AppStore|iPhone
		{E3F681C0-BE41-4495-94BB-0329B0B15F5E}.AppStore|iPhoneSimulator.ActiveCfg = AppStore|iPhoneSimulator
		{E3F681C0-BE41-4495-94BB-0329B0B15F5E}.AppStore|iPhoneSimulator.Build.0 = AppStore|iPhoneSimulator
		{E3F681C0-BE41-4495-94BB-0329B0B15F5E}.AppStore|Mixed Platforms.ActiveCfg = AppStore|iPhone
		{E3F681C0-BE41-4495-94BB-0329B0B15F5E}.AppStore|Mixed Platforms.Build.0 = AppStore|iPhone
		{E3F681C0-BE41-4495-94BB-0329B0B15F5E}.AppStore|x64.ActiveCfg = AppStore|iPhoneSimulator
		{E3F681C0-BE41-4495-94BB-0329B0B15F5E}.AppStore|x86.ActiveCfg = AppStore|iPhone
		{E3F681C0-BE41-4495-94BB-0329B0B15F5E}.Debug|Any CPU.ActiveCfg = Debug|iPhone
		{E3F681C0-BE41-4495-94BB-0329B0B15F5E}.Debug|ARM.ActiveCfg = Debug|iPhone
		{E3F681C0-BE41-4495-94BB-0329B0B15F5E}.Debug|iPhone.ActiveCfg = Debug|iPhone
		{E3F681C0-BE41-4495-94BB-0329B0B15F5E}.Debug|iPhone.Build.0 = Debug|iPhone
		{E3F681C0-BE41-4495-94BB-0329B0B15F5E}.Debug|iPhoneSimulator.ActiveCfg = Debug|iPhoneSimulator
		{E3F681C0-BE41-4495-94BB-0329B0B15F5E}.Debug|iPhoneSimulator.Build.0 = Debug|iPhoneSimulator
		{E3F681C0-BE41-4495-94BB-0329B0B15F5E}.Debug|Mixed Platforms.ActiveCfg = Debug|iPhone
		{E3F681C0-BE41-4495-94BB-0329B0B15F5E}.Debug|Mixed Platforms.Build.0 = Debug|iPhone
		{E3F681C0-BE41-4495-94BB-0329B0B15F5E}.Debug|x64.ActiveCfg = Debug|iPhoneSimulator
		{E3F681C0-BE41-4495-94BB-0329B0B15F5E}.Debug|x86.ActiveCfg = Debug|iPhone
		{E3F681C0-BE41-4495-94BB-0329B0B15F5E}.Release|Any CPU.ActiveCfg = Release|iPhone
		{E3F681C0-BE41-4495-94BB-0329B0B15F5E}.Release|ARM.ActiveCfg = Release|iPhone
		{E3F681C0-BE41-4495-94BB-0329B0B15F5E}.Release|iPhone.ActiveCfg = Release|iPhone
		{E3F681C0-BE41-4495-94BB-0329B0B15F5E}.Release|iPhone.Build.0 = Release|iPhone
		{E3F681C0-BE41-4495-94BB-0329B0B15F5E}.Release|iPhoneSimulator.ActiveCfg = Release|iPhoneSimulator
		{E3F681C0-BE41-4495-94BB-0329B0B15F5E}.Release|iPhoneSimulator.Build.0 = Release|iPhoneSimulator
		{E3F681C0-BE41-4495-94BB-0329B0B15F5E}.Release|Mixed Platforms.ActiveCfg = Release|iPhone
		{E3F681C0-BE41-4495-94BB-0329B0B15F5E}.Release|Mixed Platforms.Build.0 = Release|iPhone
		{E3F681C0-BE41-4495-94BB-0329B0B15F5E}.Release|x64.ActiveCfg = Release|iPhoneSimulator
		{E3F681C0-BE41-4495-94BB-0329B0B15F5E}.Release|x86.ActiveCfg = Release|iPhone
		{998416B3-9B59-4AD6-9C0E-01C66A96D5BF}.Ad-Hoc|Any CPU.ActiveCfg = Release|Any CPU
		{998416B3-9B59-4AD6-9C0E-01C66A96D5BF}.Ad-Hoc|Any CPU.Build.0 = Release|Any CPU
		{998416B3-9B59-4AD6-9C0E-01C66A96D5BF}.Ad-Hoc|Any CPU.Deploy.0 = Release|Any CPU
		{998416B3-9B59-4AD6-9C0E-01C66A96D5BF}.Ad-Hoc|ARM.ActiveCfg = Release|Any CPU
		{998416B3-9B59-4AD6-9C0E-01C66A96D5BF}.Ad-Hoc|iPhone.ActiveCfg = Release|Any CPU
		{998416B3-9B59-4AD6-9C0E-01C66A96D5BF}.Ad-Hoc|iPhoneSimulator.ActiveCfg = Release|Any CPU
		{998416B3-9B59-4AD6-9C0E-01C66A96D5BF}.Ad-Hoc|Mixed Platforms.ActiveCfg = Release|Any CPU
		{998416B3-9B59-4AD6-9C0E-01C66A96D5BF}.Ad-Hoc|Mixed Platforms.Build.0 = Release|Any CPU
		{998416B3-9B59-4AD6-9C0E-01C66A96D5BF}.Ad-Hoc|Mixed Platforms.Deploy.0 = Release|Any CPU
		{998416B3-9B59-4AD6-9C0E-01C66A96D5BF}.Ad-Hoc|x64.ActiveCfg = Debug|Any CPU
		{998416B3-9B59-4AD6-9C0E-01C66A96D5BF}.Ad-Hoc|x86.ActiveCfg = Release|Any CPU
		{998416B3-9B59-4AD6-9C0E-01C66A96D5BF}.AppStore|Any CPU.ActiveCfg = Release|Any CPU
		{998416B3-9B59-4AD6-9C0E-01C66A96D5BF}.AppStore|Any CPU.Build.0 = Release|Any CPU
		{998416B3-9B59-4AD6-9C0E-01C66A96D5BF}.AppStore|Any CPU.Deploy.0 = Release|Any CPU
		{998416B3-9B59-4AD6-9C0E-01C66A96D5BF}.AppStore|ARM.ActiveCfg = Release|Any CPU
		{998416B3-9B59-4AD6-9C0E-01C66A96D5BF}.AppStore|iPhone.ActiveCfg = Release|Any CPU
		{998416B3-9B59-4AD6-9C0E-01C66A96D5BF}.AppStore|iPhoneSimulator.ActiveCfg = Release|Any CPU
		{998416B3-9B59-4AD6-9C0E-01C66A96D5BF}.AppStore|Mixed Platforms.ActiveCfg = Release|Any CPU
		{998416B3-9B59-4AD6-9C0E-01C66A96D5BF}.AppStore|Mixed Platforms.Build.0 = Release|Any CPU
		{998416B3-9B59-4AD6-9C0E-01C66A96D5BF}.AppStore|Mixed Platforms.Deploy.0 = Release|Any CPU
		{998416B3-9B59-4AD6-9C0E-01C66A96D5BF}.AppStore|x64.ActiveCfg = Debug|Any CPU
		{998416B3-9B59-4AD6-9C0E-01C66A96D5BF}.AppStore|x86.ActiveCfg = Release|Any CPU
		{998416B3-9B59-4AD6-9C0E-01C66A96D5BF}.Debug|Any CPU.ActiveCfg = Debug|Any CPU
		{998416B3-9B59-4AD6-9C0E-01C66A96D5BF}.Debug|Any CPU.Build.0 = Debug|Any CPU
		{998416B3-9B59-4AD6-9C0E-01C66A96D5BF}.Debug|Any CPU.Deploy.0 = Debug|Any CPU
		{998416B3-9B59-4AD6-9C0E-01C66A96D5BF}.Debug|ARM.ActiveCfg = Debug|Any CPU
		{998416B3-9B59-4AD6-9C0E-01C66A96D5BF}.Debug|iPhone.ActiveCfg = Debug|Any CPU
		{998416B3-9B59-4AD6-9C0E-01C66A96D5BF}.Debug|iPhoneSimulator.ActiveCfg = Debug|Any CPU
		{998416B3-9B59-4AD6-9C0E-01C66A96D5BF}.Debug|Mixed Platforms.ActiveCfg = Debug|Any CPU
		{998416B3-9B59-4AD6-9C0E-01C66A96D5BF}.Debug|Mixed Platforms.Build.0 = Debug|Any CPU
		{998416B3-9B59-4AD6-9C0E-01C66A96D5BF}.Debug|Mixed Platforms.Deploy.0 = Debug|Any CPU
		{998416B3-9B59-4AD6-9C0E-01C66A96D5BF}.Debug|x64.ActiveCfg = Debug|Any CPU
		{998416B3-9B59-4AD6-9C0E-01C66A96D5BF}.Debug|x86.ActiveCfg = Debug|Any CPU
		{998416B3-9B59-4AD6-9C0E-01C66A96D5BF}.Release|Any CPU.ActiveCfg = Release|Any CPU
		{998416B3-9B59-4AD6-9C0E-01C66A96D5BF}.Release|Any CPU.Build.0 = Release|Any CPU
		{998416B3-9B59-4AD6-9C0E-01C66A96D5BF}.Release|Any CPU.Deploy.0 = Release|Any CPU
		{998416B3-9B59-4AD6-9C0E-01C66A96D5BF}.Release|ARM.ActiveCfg = Release|Any CPU
		{998416B3-9B59-4AD6-9C0E-01C66A96D5BF}.Release|iPhone.ActiveCfg = Release|Any CPU
		{998416B3-9B59-4AD6-9C0E-01C66A96D5BF}.Release|iPhoneSimulator.ActiveCfg = Release|Any CPU
		{998416B3-9B59-4AD6-9C0E-01C66A96D5BF}.Release|Mixed Platforms.ActiveCfg = Release|Any CPU
		{998416B3-9B59-4AD6-9C0E-01C66A96D5BF}.Release|Mixed Platforms.Build.0 = Release|Any CPU
		{998416B3-9B59-4AD6-9C0E-01C66A96D5BF}.Release|Mixed Platforms.Deploy.0 = Release|Any CPU
		{998416B3-9B59-4AD6-9C0E-01C66A96D5BF}.Release|x64.ActiveCfg = Release|Any CPU
		{998416B3-9B59-4AD6-9C0E-01C66A96D5BF}.Release|x86.ActiveCfg = Release|Any CPU
		{E0D5E4CF-A37D-49E1-A33C-56241A618368}.Ad-Hoc|Any CPU.ActiveCfg = Release|x86
		{E0D5E4CF-A37D-49E1-A33C-56241A618368}.Ad-Hoc|Any CPU.Build.0 = Release|x86
		{E0D5E4CF-A37D-49E1-A33C-56241A618368}.Ad-Hoc|Any CPU.Deploy.0 = Release|x86
		{E0D5E4CF-A37D-49E1-A33C-56241A618368}.Ad-Hoc|ARM.ActiveCfg = Release|ARM
		{E0D5E4CF-A37D-49E1-A33C-56241A618368}.Ad-Hoc|ARM.Build.0 = Release|ARM
		{E0D5E4CF-A37D-49E1-A33C-56241A618368}.Ad-Hoc|ARM.Deploy.0 = Release|ARM
		{E0D5E4CF-A37D-49E1-A33C-56241A618368}.Ad-Hoc|iPhone.ActiveCfg = Release|x86
		{E0D5E4CF-A37D-49E1-A33C-56241A618368}.Ad-Hoc|iPhone.Build.0 = Release|x86
		{E0D5E4CF-A37D-49E1-A33C-56241A618368}.Ad-Hoc|iPhone.Deploy.0 = Release|x86
		{E0D5E4CF-A37D-49E1-A33C-56241A618368}.Ad-Hoc|iPhoneSimulator.ActiveCfg = Release|x86
		{E0D5E4CF-A37D-49E1-A33C-56241A618368}.Ad-Hoc|iPhoneSimulator.Build.0 = Release|x86
		{E0D5E4CF-A37D-49E1-A33C-56241A618368}.Ad-Hoc|iPhoneSimulator.Deploy.0 = Release|x86
		{E0D5E4CF-A37D-49E1-A33C-56241A618368}.Ad-Hoc|Mixed Platforms.ActiveCfg = Release|x86
		{E0D5E4CF-A37D-49E1-A33C-56241A618368}.Ad-Hoc|Mixed Platforms.Build.0 = Release|x86
		{E0D5E4CF-A37D-49E1-A33C-56241A618368}.Ad-Hoc|Mixed Platforms.Deploy.0 = Release|x86
		{E0D5E4CF-A37D-49E1-A33C-56241A618368}.Ad-Hoc|x64.ActiveCfg = Release|x64
		{E0D5E4CF-A37D-49E1-A33C-56241A618368}.Ad-Hoc|x64.Build.0 = Release|x64
		{E0D5E4CF-A37D-49E1-A33C-56241A618368}.Ad-Hoc|x64.Deploy.0 = Release|x64
		{E0D5E4CF-A37D-49E1-A33C-56241A618368}.Ad-Hoc|x86.ActiveCfg = Release|x86
		{E0D5E4CF-A37D-49E1-A33C-56241A618368}.Ad-Hoc|x86.Build.0 = Release|x86
		{E0D5E4CF-A37D-49E1-A33C-56241A618368}.Ad-Hoc|x86.Deploy.0 = Release|x86
		{E0D5E4CF-A37D-49E1-A33C-56241A618368}.AppStore|Any CPU.ActiveCfg = Release|x86
		{E0D5E4CF-A37D-49E1-A33C-56241A618368}.AppStore|Any CPU.Build.0 = Release|x86
		{E0D5E4CF-A37D-49E1-A33C-56241A618368}.AppStore|Any CPU.Deploy.0 = Release|x86
		{E0D5E4CF-A37D-49E1-A33C-56241A618368}.AppStore|ARM.ActiveCfg = Release|ARM
		{E0D5E4CF-A37D-49E1-A33C-56241A618368}.AppStore|ARM.Build.0 = Release|ARM
		{E0D5E4CF-A37D-49E1-A33C-56241A618368}.AppStore|ARM.Deploy.0 = Release|ARM
		{E0D5E4CF-A37D-49E1-A33C-56241A618368}.AppStore|iPhone.ActiveCfg = Release|x86
		{E0D5E4CF-A37D-49E1-A33C-56241A618368}.AppStore|iPhone.Build.0 = Release|x86
		{E0D5E4CF-A37D-49E1-A33C-56241A618368}.AppStore|iPhone.Deploy.0 = Release|x86
		{E0D5E4CF-A37D-49E1-A33C-56241A618368}.AppStore|iPhoneSimulator.ActiveCfg = Release|x86
		{E0D5E4CF-A37D-49E1-A33C-56241A618368}.AppStore|iPhoneSimulator.Build.0 = Release|x86
		{E0D5E4CF-A37D-49E1-A33C-56241A618368}.AppStore|iPhoneSimulator.Deploy.0 = Release|x86
		{E0D5E4CF-A37D-49E1-A33C-56241A618368}.AppStore|Mixed Platforms.ActiveCfg = Release|x86
		{E0D5E4CF-A37D-49E1-A33C-56241A618368}.AppStore|Mixed Platforms.Build.0 = Release|x86
		{E0D5E4CF-A37D-49E1-A33C-56241A618368}.AppStore|Mixed Platforms.Deploy.0 = Release|x86
		{E0D5E4CF-A37D-49E1-A33C-56241A618368}.AppStore|x64.ActiveCfg = Release|x64
		{E0D5E4CF-A37D-49E1-A33C-56241A618368}.AppStore|x64.Build.0 = Release|x64
		{E0D5E4CF-A37D-49E1-A33C-56241A618368}.AppStore|x64.Deploy.0 = Release|x64
		{E0D5E4CF-A37D-49E1-A33C-56241A618368}.AppStore|x86.ActiveCfg = Release|x86
		{E0D5E4CF-A37D-49E1-A33C-56241A618368}.AppStore|x86.Build.0 = Release|x86
		{E0D5E4CF-A37D-49E1-A33C-56241A618368}.AppStore|x86.Deploy.0 = Release|x86
		{E0D5E4CF-A37D-49E1-A33C-56241A618368}.Debug|Any CPU.ActiveCfg = Debug|x86
		{E0D5E4CF-A37D-49E1-A33C-56241A618368}.Debug|ARM.ActiveCfg = Debug|ARM
		{E0D5E4CF-A37D-49E1-A33C-56241A618368}.Debug|ARM.Build.0 = Debug|ARM
		{E0D5E4CF-A37D-49E1-A33C-56241A618368}.Debug|ARM.Deploy.0 = Debug|ARM
		{E0D5E4CF-A37D-49E1-A33C-56241A618368}.Debug|iPhone.ActiveCfg = Debug|x86
		{E0D5E4CF-A37D-49E1-A33C-56241A618368}.Debug|iPhoneSimulator.ActiveCfg = Debug|x86
		{E0D5E4CF-A37D-49E1-A33C-56241A618368}.Debug|Mixed Platforms.ActiveCfg = Debug|x86
		{E0D5E4CF-A37D-49E1-A33C-56241A618368}.Debug|Mixed Platforms.Build.0 = Debug|x86
		{E0D5E4CF-A37D-49E1-A33C-56241A618368}.Debug|Mixed Platforms.Deploy.0 = Debug|x86
		{E0D5E4CF-A37D-49E1-A33C-56241A618368}.Debug|x64.ActiveCfg = Debug|x64
		{E0D5E4CF-A37D-49E1-A33C-56241A618368}.Debug|x64.Build.0 = Debug|x64
		{E0D5E4CF-A37D-49E1-A33C-56241A618368}.Debug|x64.Deploy.0 = Debug|x64
		{E0D5E4CF-A37D-49E1-A33C-56241A618368}.Debug|x86.ActiveCfg = Debug|x86
		{E0D5E4CF-A37D-49E1-A33C-56241A618368}.Debug|x86.Build.0 = Debug|x86
		{E0D5E4CF-A37D-49E1-A33C-56241A618368}.Debug|x86.Deploy.0 = Debug|x86
		{E0D5E4CF-A37D-49E1-A33C-56241A618368}.Release|Any CPU.ActiveCfg = Release|x86
		{E0D5E4CF-A37D-49E1-A33C-56241A618368}.Release|ARM.ActiveCfg = Release|ARM
		{E0D5E4CF-A37D-49E1-A33C-56241A618368}.Release|ARM.Build.0 = Release|ARM
		{E0D5E4CF-A37D-49E1-A33C-56241A618368}.Release|ARM.Deploy.0 = Release|ARM
		{E0D5E4CF-A37D-49E1-A33C-56241A618368}.Release|iPhone.ActiveCfg = Release|x86
		{E0D5E4CF-A37D-49E1-A33C-56241A618368}.Release|iPhoneSimulator.ActiveCfg = Release|x86
		{E0D5E4CF-A37D-49E1-A33C-56241A618368}.Release|Mixed Platforms.ActiveCfg = Release|x86
		{E0D5E4CF-A37D-49E1-A33C-56241A618368}.Release|Mixed Platforms.Build.0 = Release|x86
		{E0D5E4CF-A37D-49E1-A33C-56241A618368}.Release|Mixed Platforms.Deploy.0 = Release|x86
		{E0D5E4CF-A37D-49E1-A33C-56241A618368}.Release|x64.ActiveCfg = Release|x64
		{E0D5E4CF-A37D-49E1-A33C-56241A618368}.Release|x64.Build.0 = Release|x64
		{E0D5E4CF-A37D-49E1-A33C-56241A618368}.Release|x64.Deploy.0 = Release|x64
		{E0D5E4CF-A37D-49E1-A33C-56241A618368}.Release|x86.ActiveCfg = Release|x86
		{E0D5E4CF-A37D-49E1-A33C-56241A618368}.Release|x86.Build.0 = Release|x86
		{E0D5E4CF-A37D-49E1-A33C-56241A618368}.Release|x86.Deploy.0 = Release|x86
		{D03C8A4C-FC47-4302-919F-92E2352EEEEE}.Ad-Hoc|Any CPU.ActiveCfg = Release|Any CPU
		{D03C8A4C-FC47-4302-919F-92E2352EEEEE}.Ad-Hoc|Any CPU.Build.0 = Release|Any CPU
		{D03C8A4C-FC47-4302-919F-92E2352EEEEE}.Ad-Hoc|ARM.ActiveCfg = Release|Any CPU
		{D03C8A4C-FC47-4302-919F-92E2352EEEEE}.Ad-Hoc|ARM.Build.0 = Release|Any CPU
		{D03C8A4C-FC47-4302-919F-92E2352EEEEE}.Ad-Hoc|iPhone.ActiveCfg = Release|Any CPU
		{D03C8A4C-FC47-4302-919F-92E2352EEEEE}.Ad-Hoc|iPhone.Build.0 = Release|Any CPU
		{D03C8A4C-FC47-4302-919F-92E2352EEEEE}.Ad-Hoc|iPhoneSimulator.ActiveCfg = Release|Any CPU
		{D03C8A4C-FC47-4302-919F-92E2352EEEEE}.Ad-Hoc|iPhoneSimulator.Build.0 = Release|Any CPU
		{D03C8A4C-FC47-4302-919F-92E2352EEEEE}.Ad-Hoc|Mixed Platforms.ActiveCfg = Release|Any CPU
		{D03C8A4C-FC47-4302-919F-92E2352EEEEE}.Ad-Hoc|Mixed Platforms.Build.0 = Release|Any CPU
		{D03C8A4C-FC47-4302-919F-92E2352EEEEE}.Ad-Hoc|x64.ActiveCfg = Release|Any CPU
		{D03C8A4C-FC47-4302-919F-92E2352EEEEE}.Ad-Hoc|x64.Build.0 = Release|Any CPU
		{D03C8A4C-FC47-4302-919F-92E2352EEEEE}.Ad-Hoc|x86.ActiveCfg = Release|Any CPU
		{D03C8A4C-FC47-4302-919F-92E2352EEEEE}.Ad-Hoc|x86.Build.0 = Release|Any CPU
		{D03C8A4C-FC47-4302-919F-92E2352EEEEE}.AppStore|Any CPU.ActiveCfg = Release|Any CPU
		{D03C8A4C-FC47-4302-919F-92E2352EEEEE}.AppStore|Any CPU.Build.0 = Release|Any CPU
		{D03C8A4C-FC47-4302-919F-92E2352EEEEE}.AppStore|ARM.ActiveCfg = Release|Any CPU
		{D03C8A4C-FC47-4302-919F-92E2352EEEEE}.AppStore|ARM.Build.0 = Release|Any CPU
		{D03C8A4C-FC47-4302-919F-92E2352EEEEE}.AppStore|iPhone.ActiveCfg = Release|Any CPU
		{D03C8A4C-FC47-4302-919F-92E2352EEEEE}.AppStore|iPhone.Build.0 = Release|Any CPU
		{D03C8A4C-FC47-4302-919F-92E2352EEEEE}.AppStore|iPhoneSimulator.ActiveCfg = Release|Any CPU
		{D03C8A4C-FC47-4302-919F-92E2352EEEEE}.AppStore|iPhoneSimulator.Build.0 = Release|Any CPU
		{D03C8A4C-FC47-4302-919F-92E2352EEEEE}.AppStore|Mixed Platforms.ActiveCfg = Release|Any CPU
		{D03C8A4C-FC47-4302-919F-92E2352EEEEE}.AppStore|Mixed Platforms.Build.0 = Release|Any CPU
		{D03C8A4C-FC47-4302-919F-92E2352EEEEE}.AppStore|x64.ActiveCfg = Release|Any CPU
		{D03C8A4C-FC47-4302-919F-92E2352EEEEE}.AppStore|x64.Build.0 = Release|Any CPU
		{D03C8A4C-FC47-4302-919F-92E2352EEEEE}.AppStore|x86.ActiveCfg = Release|Any CPU
		{D03C8A4C-FC47-4302-919F-92E2352EEEEE}.AppStore|x86.Build.0 = Release|Any CPU
		{D03C8A4C-FC47-4302-919F-92E2352EEEEE}.Debug|Any CPU.ActiveCfg = Debug|Any CPU
		{D03C8A4C-FC47-4302-919F-92E2352EEEEE}.Debug|Any CPU.Build.0 = Debug|Any CPU
		{D03C8A4C-FC47-4302-919F-92E2352EEEEE}.Debug|ARM.ActiveCfg = Debug|Any CPU
		{D03C8A4C-FC47-4302-919F-92E2352EEEEE}.Debug|ARM.Build.0 = Debug|Any CPU
		{D03C8A4C-FC47-4302-919F-92E2352EEEEE}.Debug|iPhone.ActiveCfg = Debug|Any CPU
		{D03C8A4C-FC47-4302-919F-92E2352EEEEE}.Debug|iPhone.Build.0 = Debug|Any CPU
		{D03C8A4C-FC47-4302-919F-92E2352EEEEE}.Debug|iPhoneSimulator.ActiveCfg = Debug|Any CPU
		{D03C8A4C-FC47-4302-919F-92E2352EEEEE}.Debug|iPhoneSimulator.Build.0 = Debug|Any CPU
		{D03C8A4C-FC47-4302-919F-92E2352EEEEE}.Debug|Mixed Platforms.ActiveCfg = Debug|Any CPU
		{D03C8A4C-FC47-4302-919F-92E2352EEEEE}.Debug|Mixed Platforms.Build.0 = Debug|Any CPU
		{D03C8A4C-FC47-4302-919F-92E2352EEEEE}.Debug|x64.ActiveCfg = Debug|Any CPU
		{D03C8A4C-FC47-4302-919F-92E2352EEEEE}.Debug|x64.Build.0 = Debug|Any CPU
		{D03C8A4C-FC47-4302-919F-92E2352EEEEE}.Debug|x86.ActiveCfg = Debug|Any CPU
		{D03C8A4C-FC47-4302-919F-92E2352EEEEE}.Debug|x86.Build.0 = Debug|Any CPU
		{D03C8A4C-FC47-4302-919F-92E2352EEEEE}.Release|Any CPU.ActiveCfg = Release|Any CPU
		{D03C8A4C-FC47-4302-919F-92E2352EEEEE}.Release|Any CPU.Build.0 = Release|Any CPU
		{D03C8A4C-FC47-4302-919F-92E2352EEEEE}.Release|ARM.ActiveCfg = Release|Any CPU
		{D03C8A4C-FC47-4302-919F-92E2352EEEEE}.Release|ARM.Build.0 = Release|Any CPU
		{D03C8A4C-FC47-4302-919F-92E2352EEEEE}.Release|iPhone.ActiveCfg = Release|Any CPU
		{D03C8A4C-FC47-4302-919F-92E2352EEEEE}.Release|iPhone.Build.0 = Release|Any CPU
		{D03C8A4C-FC47-4302-919F-92E2352EEEEE}.Release|iPhoneSimulator.ActiveCfg = Release|Any CPU
		{D03C8A4C-FC47-4302-919F-92E2352EEEEE}.Release|iPhoneSimulator.Build.0 = Release|Any CPU
		{D03C8A4C-FC47-4302-919F-92E2352EEEEE}.Release|Mixed Platforms.ActiveCfg = Release|Any CPU
		{D03C8A4C-FC47-4302-919F-92E2352EEEEE}.Release|Mixed Platforms.Build.0 = Release|Any CPU
		{D03C8A4C-FC47-4302-919F-92E2352EEEEE}.Release|x64.ActiveCfg = Release|Any CPU
		{D03C8A4C-FC47-4302-919F-92E2352EEEEE}.Release|x64.Build.0 = Release|Any CPU
		{D03C8A4C-FC47-4302-919F-92E2352EEEEE}.Release|x86.ActiveCfg = Release|Any CPU
		{D03C8A4C-FC47-4302-919F-92E2352EEEEE}.Release|x86.Build.0 = Release|Any CPU
		{1EA8B0B0-6C7A-466E-88AD-BDFCBEADE2A7}.Ad-Hoc|Any CPU.ActiveCfg = Release|Any CPU
		{1EA8B0B0-6C7A-466E-88AD-BDFCBEADE2A7}.Ad-Hoc|Any CPU.Build.0 = Release|Any CPU
		{1EA8B0B0-6C7A-466E-88AD-BDFCBEADE2A7}.Ad-Hoc|ARM.ActiveCfg = Release|Any CPU
		{1EA8B0B0-6C7A-466E-88AD-BDFCBEADE2A7}.Ad-Hoc|ARM.Build.0 = Release|Any CPU
		{1EA8B0B0-6C7A-466E-88AD-BDFCBEADE2A7}.Ad-Hoc|iPhone.ActiveCfg = Release|Any CPU
		{1EA8B0B0-6C7A-466E-88AD-BDFCBEADE2A7}.Ad-Hoc|iPhone.Build.0 = Release|Any CPU
		{1EA8B0B0-6C7A-466E-88AD-BDFCBEADE2A7}.Ad-Hoc|iPhoneSimulator.ActiveCfg = Release|Any CPU
		{1EA8B0B0-6C7A-466E-88AD-BDFCBEADE2A7}.Ad-Hoc|iPhoneSimulator.Build.0 = Release|Any CPU
		{1EA8B0B0-6C7A-466E-88AD-BDFCBEADE2A7}.Ad-Hoc|Mixed Platforms.ActiveCfg = Release|Any CPU
		{1EA8B0B0-6C7A-466E-88AD-BDFCBEADE2A7}.Ad-Hoc|Mixed Platforms.Build.0 = Release|Any CPU
		{1EA8B0B0-6C7A-466E-88AD-BDFCBEADE2A7}.Ad-Hoc|x64.ActiveCfg = Release|Any CPU
		{1EA8B0B0-6C7A-466E-88AD-BDFCBEADE2A7}.Ad-Hoc|x64.Build.0 = Release|Any CPU
		{1EA8B0B0-6C7A-466E-88AD-BDFCBEADE2A7}.Ad-Hoc|x86.ActiveCfg = Release|Any CPU
		{1EA8B0B0-6C7A-466E-88AD-BDFCBEADE2A7}.Ad-Hoc|x86.Build.0 = Release|Any CPU
		{1EA8B0B0-6C7A-466E-88AD-BDFCBEADE2A7}.AppStore|Any CPU.ActiveCfg = Release|Any CPU
		{1EA8B0B0-6C7A-466E-88AD-BDFCBEADE2A7}.AppStore|Any CPU.Build.0 = Release|Any CPU
		{1EA8B0B0-6C7A-466E-88AD-BDFCBEADE2A7}.AppStore|ARM.ActiveCfg = Release|Any CPU
		{1EA8B0B0-6C7A-466E-88AD-BDFCBEADE2A7}.AppStore|ARM.Build.0 = Release|Any CPU
		{1EA8B0B0-6C7A-466E-88AD-BDFCBEADE2A7}.AppStore|iPhone.ActiveCfg = Release|Any CPU
		{1EA8B0B0-6C7A-466E-88AD-BDFCBEADE2A7}.AppStore|iPhone.Build.0 = Release|Any CPU
		{1EA8B0B0-6C7A-466E-88AD-BDFCBEADE2A7}.AppStore|iPhoneSimulator.ActiveCfg = Release|Any CPU
		{1EA8B0B0-6C7A-466E-88AD-BDFCBEADE2A7}.AppStore|iPhoneSimulator.Build.0 = Release|Any CPU
		{1EA8B0B0-6C7A-466E-88AD-BDFCBEADE2A7}.AppStore|Mixed Platforms.ActiveCfg = Release|Any CPU
		{1EA8B0B0-6C7A-466E-88AD-BDFCBEADE2A7}.AppStore|Mixed Platforms.Build.0 = Release|Any CPU
		{1EA8B0B0-6C7A-466E-88AD-BDFCBEADE2A7}.AppStore|x64.ActiveCfg = Release|Any CPU
		{1EA8B0B0-6C7A-466E-88AD-BDFCBEADE2A7}.AppStore|x64.Build.0 = Release|Any CPU
		{1EA8B0B0-6C7A-466E-88AD-BDFCBEADE2A7}.AppStore|x86.ActiveCfg = Release|Any CPU
		{1EA8B0B0-6C7A-466E-88AD-BDFCBEADE2A7}.AppStore|x86.Build.0 = Release|Any CPU
		{1EA8B0B0-6C7A-466E-88AD-BDFCBEADE2A7}.Debug|Any CPU.ActiveCfg = Debug|Any CPU
		{1EA8B0B0-6C7A-466E-88AD-BDFCBEADE2A7}.Debug|Any CPU.Build.0 = Debug|Any CPU
		{1EA8B0B0-6C7A-466E-88AD-BDFCBEADE2A7}.Debug|ARM.ActiveCfg = Debug|Any CPU
		{1EA8B0B0-6C7A-466E-88AD-BDFCBEADE2A7}.Debug|ARM.Build.0 = Debug|Any CPU
		{1EA8B0B0-6C7A-466E-88AD-BDFCBEADE2A7}.Debug|iPhone.ActiveCfg = Debug|Any CPU
		{1EA8B0B0-6C7A-466E-88AD-BDFCBEADE2A7}.Debug|iPhone.Build.0 = Debug|Any CPU
		{1EA8B0B0-6C7A-466E-88AD-BDFCBEADE2A7}.Debug|iPhoneSimulator.ActiveCfg = Debug|Any CPU
		{1EA8B0B0-6C7A-466E-88AD-BDFCBEADE2A7}.Debug|iPhoneSimulator.Build.0 = Debug|Any CPU
		{1EA8B0B0-6C7A-466E-88AD-BDFCBEADE2A7}.Debug|Mixed Platforms.ActiveCfg = Debug|Any CPU
		{1EA8B0B0-6C7A-466E-88AD-BDFCBEADE2A7}.Debug|Mixed Platforms.Build.0 = Debug|Any CPU
		{1EA8B0B0-6C7A-466E-88AD-BDFCBEADE2A7}.Debug|x64.ActiveCfg = Debug|Any CPU
		{1EA8B0B0-6C7A-466E-88AD-BDFCBEADE2A7}.Debug|x64.Build.0 = Debug|Any CPU
		{1EA8B0B0-6C7A-466E-88AD-BDFCBEADE2A7}.Debug|x86.ActiveCfg = Debug|Any CPU
		{1EA8B0B0-6C7A-466E-88AD-BDFCBEADE2A7}.Debug|x86.Build.0 = Debug|Any CPU
		{1EA8B0B0-6C7A-466E-88AD-BDFCBEADE2A7}.Release|Any CPU.ActiveCfg = Release|Any CPU
		{1EA8B0B0-6C7A-466E-88AD-BDFCBEADE2A7}.Release|Any CPU.Build.0 = Release|Any CPU
		{1EA8B0B0-6C7A-466E-88AD-BDFCBEADE2A7}.Release|ARM.ActiveCfg = Release|Any CPU
		{1EA8B0B0-6C7A-466E-88AD-BDFCBEADE2A7}.Release|ARM.Build.0 = Release|Any CPU
		{1EA8B0B0-6C7A-466E-88AD-BDFCBEADE2A7}.Release|iPhone.ActiveCfg = Release|Any CPU
		{1EA8B0B0-6C7A-466E-88AD-BDFCBEADE2A7}.Release|iPhone.Build.0 = Release|Any CPU
		{1EA8B0B0-6C7A-466E-88AD-BDFCBEADE2A7}.Release|iPhoneSimulator.ActiveCfg = Release|Any CPU
		{1EA8B0B0-6C7A-466E-88AD-BDFCBEADE2A7}.Release|iPhoneSimulator.Build.0 = Release|Any CPU
		{1EA8B0B0-6C7A-466E-88AD-BDFCBEADE2A7}.Release|Mixed Platforms.ActiveCfg = Release|Any CPU
		{1EA8B0B0-6C7A-466E-88AD-BDFCBEADE2A7}.Release|Mixed Platforms.Build.0 = Release|Any CPU
		{1EA8B0B0-6C7A-466E-88AD-BDFCBEADE2A7}.Release|x64.ActiveCfg = Release|Any CPU
		{1EA8B0B0-6C7A-466E-88AD-BDFCBEADE2A7}.Release|x64.Build.0 = Release|Any CPU
		{1EA8B0B0-6C7A-466E-88AD-BDFCBEADE2A7}.Release|x86.ActiveCfg = Release|Any CPU
		{1EA8B0B0-6C7A-466E-88AD-BDFCBEADE2A7}.Release|x86.Build.0 = Release|Any CPU
		{50A44EE3-9FCF-4D3E-A8FF-2A6267C45C56}.Ad-Hoc|Any CPU.ActiveCfg = Release|Any CPU
		{50A44EE3-9FCF-4D3E-A8FF-2A6267C45C56}.Ad-Hoc|Any CPU.Build.0 = Release|Any CPU
		{50A44EE3-9FCF-4D3E-A8FF-2A6267C45C56}.Ad-Hoc|ARM.ActiveCfg = Release|Any CPU
		{50A44EE3-9FCF-4D3E-A8FF-2A6267C45C56}.Ad-Hoc|ARM.Build.0 = Release|Any CPU
		{50A44EE3-9FCF-4D3E-A8FF-2A6267C45C56}.Ad-Hoc|iPhone.ActiveCfg = Release|Any CPU
		{50A44EE3-9FCF-4D3E-A8FF-2A6267C45C56}.Ad-Hoc|iPhone.Build.0 = Release|Any CPU
		{50A44EE3-9FCF-4D3E-A8FF-2A6267C45C56}.Ad-Hoc|iPhoneSimulator.ActiveCfg = Release|Any CPU
		{50A44EE3-9FCF-4D3E-A8FF-2A6267C45C56}.Ad-Hoc|iPhoneSimulator.Build.0 = Release|Any CPU
		{50A44EE3-9FCF-4D3E-A8FF-2A6267C45C56}.Ad-Hoc|Mixed Platforms.ActiveCfg = Release|Any CPU
		{50A44EE3-9FCF-4D3E-A8FF-2A6267C45C56}.Ad-Hoc|Mixed Platforms.Build.0 = Release|Any CPU
		{50A44EE3-9FCF-4D3E-A8FF-2A6267C45C56}.Ad-Hoc|x64.ActiveCfg = Release|Any CPU
		{50A44EE3-9FCF-4D3E-A8FF-2A6267C45C56}.Ad-Hoc|x64.Build.0 = Release|Any CPU
		{50A44EE3-9FCF-4D3E-A8FF-2A6267C45C56}.Ad-Hoc|x86.ActiveCfg = Release|Any CPU
		{50A44EE3-9FCF-4D3E-A8FF-2A6267C45C56}.Ad-Hoc|x86.Build.0 = Release|Any CPU
		{50A44EE3-9FCF-4D3E-A8FF-2A6267C45C56}.AppStore|Any CPU.ActiveCfg = Release|Any CPU
		{50A44EE3-9FCF-4D3E-A8FF-2A6267C45C56}.AppStore|Any CPU.Build.0 = Release|Any CPU
		{50A44EE3-9FCF-4D3E-A8FF-2A6267C45C56}.AppStore|ARM.ActiveCfg = Release|Any CPU
		{50A44EE3-9FCF-4D3E-A8FF-2A6267C45C56}.AppStore|ARM.Build.0 = Release|Any CPU
		{50A44EE3-9FCF-4D3E-A8FF-2A6267C45C56}.AppStore|iPhone.ActiveCfg = Release|Any CPU
		{50A44EE3-9FCF-4D3E-A8FF-2A6267C45C56}.AppStore|iPhone.Build.0 = Release|Any CPU
		{50A44EE3-9FCF-4D3E-A8FF-2A6267C45C56}.AppStore|iPhoneSimulator.ActiveCfg = Release|Any CPU
		{50A44EE3-9FCF-4D3E-A8FF-2A6267C45C56}.AppStore|iPhoneSimulator.Build.0 = Release|Any CPU
		{50A44EE3-9FCF-4D3E-A8FF-2A6267C45C56}.AppStore|Mixed Platforms.ActiveCfg = Release|Any CPU
		{50A44EE3-9FCF-4D3E-A8FF-2A6267C45C56}.AppStore|Mixed Platforms.Build.0 = Release|Any CPU
		{50A44EE3-9FCF-4D3E-A8FF-2A6267C45C56}.AppStore|x64.ActiveCfg = Release|Any CPU
		{50A44EE3-9FCF-4D3E-A8FF-2A6267C45C56}.AppStore|x64.Build.0 = Release|Any CPU
		{50A44EE3-9FCF-4D3E-A8FF-2A6267C45C56}.AppStore|x86.ActiveCfg = Release|Any CPU
		{50A44EE3-9FCF-4D3E-A8FF-2A6267C45C56}.AppStore|x86.Build.0 = Release|Any CPU
		{50A44EE3-9FCF-4D3E-A8FF-2A6267C45C56}.Debug|Any CPU.ActiveCfg = Debug|Any CPU
		{50A44EE3-9FCF-4D3E-A8FF-2A6267C45C56}.Debug|Any CPU.Build.0 = Debug|Any CPU
		{50A44EE3-9FCF-4D3E-A8FF-2A6267C45C56}.Debug|Any CPU.Deploy.0 = Debug|Any CPU
		{50A44EE3-9FCF-4D3E-A8FF-2A6267C45C56}.Debug|ARM.ActiveCfg = Debug|Any CPU
		{50A44EE3-9FCF-4D3E-A8FF-2A6267C45C56}.Debug|ARM.Build.0 = Debug|Any CPU
		{50A44EE3-9FCF-4D3E-A8FF-2A6267C45C56}.Debug|iPhone.ActiveCfg = Debug|Any CPU
		{50A44EE3-9FCF-4D3E-A8FF-2A6267C45C56}.Debug|iPhone.Build.0 = Debug|Any CPU
		{50A44EE3-9FCF-4D3E-A8FF-2A6267C45C56}.Debug|iPhoneSimulator.ActiveCfg = Debug|Any CPU
		{50A44EE3-9FCF-4D3E-A8FF-2A6267C45C56}.Debug|iPhoneSimulator.Build.0 = Debug|Any CPU
		{50A44EE3-9FCF-4D3E-A8FF-2A6267C45C56}.Debug|iPhoneSimulator.Deploy.0 = Debug|Any CPU
		{50A44EE3-9FCF-4D3E-A8FF-2A6267C45C56}.Debug|Mixed Platforms.ActiveCfg = Debug|Any CPU
		{50A44EE3-9FCF-4D3E-A8FF-2A6267C45C56}.Debug|Mixed Platforms.Build.0 = Debug|Any CPU
		{50A44EE3-9FCF-4D3E-A8FF-2A6267C45C56}.Debug|x64.ActiveCfg = Debug|Any CPU
		{50A44EE3-9FCF-4D3E-A8FF-2A6267C45C56}.Debug|x64.Build.0 = Debug|Any CPU
		{50A44EE3-9FCF-4D3E-A8FF-2A6267C45C56}.Debug|x86.ActiveCfg = Debug|Any CPU
		{50A44EE3-9FCF-4D3E-A8FF-2A6267C45C56}.Debug|x86.Build.0 = Debug|Any CPU
		{50A44EE3-9FCF-4D3E-A8FF-2A6267C45C56}.Release|Any CPU.ActiveCfg = Release|Any CPU
		{50A44EE3-9FCF-4D3E-A8FF-2A6267C45C56}.Release|Any CPU.Build.0 = Release|Any CPU
		{50A44EE3-9FCF-4D3E-A8FF-2A6267C45C56}.Release|ARM.ActiveCfg = Release|Any CPU
		{50A44EE3-9FCF-4D3E-A8FF-2A6267C45C56}.Release|ARM.Build.0 = Release|Any CPU
		{50A44EE3-9FCF-4D3E-A8FF-2A6267C45C56}.Release|iPhone.ActiveCfg = Release|Any CPU
		{50A44EE3-9FCF-4D3E-A8FF-2A6267C45C56}.Release|iPhone.Build.0 = Release|Any CPU
		{50A44EE3-9FCF-4D3E-A8FF-2A6267C45C56}.Release|iPhoneSimulator.ActiveCfg = Release|Any CPU
		{50A44EE3-9FCF-4D3E-A8FF-2A6267C45C56}.Release|iPhoneSimulator.Build.0 = Release|Any CPU
		{50A44EE3-9FCF-4D3E-A8FF-2A6267C45C56}.Release|Mixed Platforms.ActiveCfg = Release|Any CPU
		{50A44EE3-9FCF-4D3E-A8FF-2A6267C45C56}.Release|Mixed Platforms.Build.0 = Release|Any CPU
		{50A44EE3-9FCF-4D3E-A8FF-2A6267C45C56}.Release|x64.ActiveCfg = Release|Any CPU
		{50A44EE3-9FCF-4D3E-A8FF-2A6267C45C56}.Release|x64.Build.0 = Release|Any CPU
		{50A44EE3-9FCF-4D3E-A8FF-2A6267C45C56}.Release|x86.ActiveCfg = Release|Any CPU
		{50A44EE3-9FCF-4D3E-A8FF-2A6267C45C56}.Release|x86.Build.0 = Release|Any CPU
	EndGlobalSection
	GlobalSection(SolutionProperties) = preSolution
		HideSolutionNode = FALSE
	EndGlobalSection
	GlobalSection(ExtensibilityGlobals) = postSolution
		SolutionGuid = {21E257BB-A7F4-4293-9BAD-C15DD61AA7BB}
	EndGlobalSection
	GlobalSection(SharedMSBuildProjectFiles) = preSolution
		MensaApp\MensaApp\MensaApp.projitems*{998416b3-9b59-4ad6-9c0e-01c66a96d5bf}*SharedItemsImports = 4
		MensaApp\MensaApp\MensaApp.projitems*{9df2a3b0-c0ab-4e3e-acc1-29877cc0fc83}*SharedItemsImports = 4
		MensaAppWin\MensaAppWin\MensaAppWin.projitems*{ca179797-5126-41bb-a08c-542b94939f9b}*SharedItemsImports = 13
		MensaAppWin\MensaAppWin\MensaAppWin.projitems*{e0d5e4cf-a37d-49e1-a33c-56241a618368}*SharedItemsImports = 4
		MensaApp\MensaApp\MensaApp.projitems*{e1ddd26d-ecca-4ea6-9f1e-c6c97203cf31}*SharedItemsImports = 13
		MensaApp\MensaApp\MensaApp.projitems*{e3f681c0-be41-4495-94bb-0329b0b15f5e}*SharedItemsImports = 4
	EndGlobalSection
EndGlobal
